
Microsoft Visual Studio Solution File, Format Version 12.00
# Visual Studio 15
VisualStudioVersion = 15.0.28010.2016
MinimumVisualStudioVersion = 10.0.40219.1
Project("{FAE04EC0-301F-11D3-BF4B-00C04F79EFBC}") = "Fw.Web.NewsWebApi", "src\Fw.Web.NewsWebApi\Fw.Web.NewsWebApi.csproj", "{5D718A96-8EEE-4C78-AEA3-3A84D28F64CE}"
EndProject
Global
	GlobalSection(SolutionConfigurationPlatforms) = preSolution
		Debug|Any CPU = Debug|Any CPU
		Release|Any CPU = Release|Any CPU
	EndGlobalSection
	GlobalSection(ProjectConfigurationPlatforms) = postSolution
		{5D718A96-8EEE-4C78-AEA3-3A84D28F64CE}.Debug|Any CPU.ActiveCfg = Debug|Any CPU
		{5D718A96-8EEE-4C78-AEA3-3A84D28F64CE}.Debug|Any CPU.Build.0 = Debug|Any CPU
		{5D718A96-8EEE-4C78-AEA3-3A84D28F64CE}.Release|Any CPU.ActiveCfg = Release|Any CPU
		{5D718A96-8EEE-4C78-AEA3-3A84D28F64CE}.Release|Any CPU.Build.0 = Release|Any CPU
	EndGlobalSection
	GlobalSection(SolutionProperties) = preSolution
		HideSolutionNode = FALSE
	EndGlobalSection
	GlobalSection(ExtensibilityGlobals) = postSolution
		SolutionGuid = {59F6DA53-AA1A-4465-9B9C-61DF56138EFA}
	EndGlobalSection
EndGlobal
